
Microsoft Visual Studio Solution File, Format Version 12.00
# Visual Studio Version 17
VisualStudioVersion = 17.8.34330.188
MinimumVisualStudioVersion = 10.0.40219.1
Project("{FAE04EC0-301F-11D3-BF4B-00C04F79EFBC}") = "minimal-web-api", "minimal-web-api\minimal-web-api.csproj", "{9EB1ECDB-2B7A-4F31-9AF5-B2E0EFE46ED8}"
EndProject
Global
	GlobalSection(SolutionConfigurationPlatforms) = preSolution
		Debug|Any CPU = Debug|Any CPU
		Release|Any CPU = Release|Any CPU
	EndGlobalSection
	GlobalSection(ProjectConfigurationPlatforms) = postSolution
		{9EB1ECDB-2B7A-4F31-9AF5-B2E0EFE46ED8}.Debug|Any CPU.ActiveCfg = Debug|Any CPU
		{9EB1ECDB-2B7A-4F31-9AF5-B2E0EFE46ED8}.Debug|Any CPU.Build.0 = Debug|Any CPU
		{9EB1ECDB-2B7A-4F31-9AF5-B2E0EFE46ED8}.Release|Any CPU.ActiveCfg = Release|Any CPU
		{9EB1ECDB-2B7A-4F31-9AF5-B2E0EFE46ED8}.Release|Any CPU.Build.0 = Release|Any CPU
	EndGlobalSection
	GlobalSection(SolutionProperties) = preSolution
		HideSolutionNode = FALSE
	EndGlobalSection
	GlobalSection(ExtensibilityGlobals) = postSolution
		SolutionGuid = {39822E4A-92AD-4CCB-BC85-63D24FCF3989}
	EndGlobalSection
EndGlobal
